// !$*UTF8*$!
{
	archiveVersion = 1;
	classes = {
	};
	objectVersion = 56;
	objects = {

/* Begin PBXBuildFile section */
		84CAFEC62C2D299F00D9397B /* ShareScreenGrypp.framework in Frameworks */ = {isa = PBXBuildFile; fileRef = 84CAFEBB2C2D299E00D9397B /* ShareScreenGrypp.framework */; };
		84D3747A2DE476E7000DB6DC /* ShareScreenGryppTests.swift in Sources */ = {isa = PBXBuildFile; fileRef = 84D374782DE476E7000DB6DC /* ShareScreenGryppTests.swift */; };
		84D374962DE587AD000DB6DC /* ShareScreenGrypp.h in Headers */ = {isa = PBXBuildFile; fileRef = 84D374912DE587AD000DB6DC /* ShareScreenGrypp.h */; };
		84D374972DE587AD000DB6DC /* ShareScreenGrypp.docc in Sources */ = {isa = PBXBuildFile; fileRef = 84D374922DE587AD000DB6DC /* ShareScreenGrypp.docc */; };
		84D374982DE587AD000DB6DC /* README.md in Resources */ = {isa = PBXBuildFile; fileRef = 84D374942DE587AD000DB6DC /* README.md */; };
		84D374992DE587AD000DB6DC /* LICENSE in Resources */ = {isa = PBXBuildFile; fileRef = 84D374932DE587AD000DB6DC /* LICENSE */; };
		84D3749A2DE587AD000DB6DC /* ShareScreenGrypp.podspec in Resources */ = {isa = PBXBuildFile; fileRef = 84D374952DE587AD000DB6DC /* ShareScreenGrypp.podspec */; };
		84D374A82DE58B3F000DB6DC /* Screenshot_ScreenShare.png in Resources */ = {isa = PBXBuildFile; fileRef = 84D374A62DE58B3F000DB6DC /* Screenshot_ScreenShare.png */; };
		84D374A92DE58B3F000DB6DC /* Screenshot_EndSission.png in Resources */ = {isa = PBXBuildFile; fileRef = 84D374A32DE58B3F000DB6DC /* Screenshot_EndSission.png */; };
		84D374AA2DE58B3F000DB6DC /* Screenshot_Permission.png in Resources */ = {isa = PBXBuildFile; fileRef = 84D374A52DE58B3F000DB6DC /* Screenshot_Permission.png */; };
		84D374AB2DE58B3F000DB6DC /* Screenshot_Maker.png in Resources */ = {isa = PBXBuildFile; fileRef = 84D374A42DE58B3F000DB6DC /* Screenshot_Maker.png */; };
		84D374AC2DE58B3F000DB6DC /* ScreenCapturer.swift in Sources */ = {isa = PBXBuildFile; fileRef = 84D374A22DE58B3F000DB6DC /* ScreenCapturer.swift */; };
		84D374AD2DE58B3F000DB6DC /* CustomeAlert.swift in Sources */ = {isa = PBXBuildFile; fileRef = 84D3749C2DE58B3F000DB6DC /* CustomeAlert.swift */; };
		84D374AE2DE58B3F000DB6DC /* GryppSession.swift in Sources */ = {isa = PBXBuildFile; fileRef = 84D3749F2DE58B3F000DB6DC /* GryppSession.swift */; };
		84D374AF2DE58B3F000DB6DC /* GryppTokManager.swift in Sources */ = {isa = PBXBuildFile; fileRef = 84D374A02DE58B3F000DB6DC /* GryppTokManager.swift */; };
		84D374B02DE58B3F000DB6DC /* Redact.swift in Sources */ = {isa = PBXBuildFile; fileRef = 84D374A12DE58B3F000DB6DC /* Redact.swift */; };
		84D374B12DE58B3F000DB6DC /* DraggableButton.swift in Sources */ = {isa = PBXBuildFile; fileRef = 84D3749D2DE58B3F000DB6DC /* DraggableButton.swift */; };
		84D374B22DE58B3F000DB6DC /* Comman.swift in Sources */ = {isa = PBXBuildFile; fileRef = 84D3749B2DE58B3F000DB6DC /* Comman.swift */; };
		84D374B32DE58B3F000DB6DC /* TouchCaptureView.swift in Sources */ = {isa = PBXBuildFile; fileRef = 84D374A72DE58B3F000DB6DC /* TouchCaptureView.swift */; };
		84D374B42DE58B3F000DB6DC /* Enumerations.swift in Sources */ = {isa = PBXBuildFile; fileRef = 84D3749E2DE58B3F000DB6DC /* Enumerations.swift */; };
		B366937EAD32C783D0917306 /* Pods_ShareScreenGrypp.framework in Frameworks */ = {isa = PBXBuildFile; fileRef = 670F51C8425F86B8F03EA4ED /* Pods_ShareScreenGrypp.framework */; };
/* End PBXBuildFile section */

/* Begin PBXContainerItemProxy section */
		84CAFEC72C2D299F00D9397B /* PBXContainerItemProxy */ = {
			isa = PBXContainerItemProxy;
			containerPortal = 84CAFEB22C2D299E00D9397B /* Project object */;
			proxyType = 1;
			remoteGlobalIDString = 84CAFEBA2C2D299E00D9397B;
			remoteInfo = GryppSDk;
		};
/* End PBXContainerItemProxy section */

/* Begin PBXCopyFilesBuildPhase section */
		842944FC2DDAF5440075A3F0 /* Embed Frameworks */ = {
			isa = PBXCopyFilesBuildPhase;
			buildActionMask = 2147483647;
			dstPath = "";
			dstSubfolderSpec = 10;
			files = (
			);
			name = "Embed Frameworks";
			runOnlyForDeploymentPostprocessing = 0;
		};
/* End PBXCopyFilesBuildPhase section */

/* Begin PBXFileReference section */
		670F51C8425F86B8F03EA4ED /* Pods_ShareScreenGrypp.framework */ = {isa = PBXFileReference; explicitFileType = wrapper.framework; includeInIndex = 0; path = Pods_ShareScreenGrypp.framework; sourceTree = BUILT_PRODUCTS_DIR; };
		75FDC92F254088D872803BFE /* Pods-ShareScreenGrypp.release.xcconfig */ = {isa = PBXFileReference; includeInIndex = 1; lastKnownFileType = text.xcconfig; name = "Pods-ShareScreenGrypp.release.xcconfig"; path = "Target Support Files/Pods-ShareScreenGrypp/Pods-ShareScreenGrypp.release.xcconfig"; sourceTree = "<group>"; };
		842945012DDB0B570075A3F0 /* WebKit.framework */ = {isa = PBXFileReference; lastKnownFileType = wrapper.framework; name = WebKit.framework; path = System/Library/Frameworks/WebKit.framework; sourceTree = SDKROOT; };
		84CAFEBB2C2D299E00D9397B /* ShareScreenGrypp.framework */ = {isa = PBXFileReference; explicitFileType = wrapper.framework; includeInIndex = 0; path = ShareScreenGrypp.framework; sourceTree = BUILT_PRODUCTS_DIR; };
		84CAFEC52C2D299F00D9397B /* ShareScreenGryppTests.xctest */ = {isa = PBXFileReference; explicitFileType = wrapper.cfbundle; includeInIndex = 0; path = ShareScreenGryppTests.xctest; sourceTree = BUILT_PRODUCTS_DIR; };
		84D374782DE476E7000DB6DC /* ShareScreenGryppTests.swift */ = {isa = PBXFileReference; lastKnownFileType = sourcecode.swift; path = ShareScreenGryppTests.swift; sourceTree = "<group>"; };
		84D374912DE587AD000DB6DC /* ShareScreenGrypp.h */ = {isa = PBXFileReference; lastKnownFileType = sourcecode.c.h; path = ShareScreenGrypp.h; sourceTree = "<group>"; };
		84D374922DE587AD000DB6DC /* ShareScreenGrypp.docc */ = {isa = PBXFileReference; lastKnownFileType = folder.documentationcatalog; path = ShareScreenGrypp.docc; sourceTree = "<group>"; };
		84D374932DE587AD000DB6DC /* LICENSE */ = {isa = PBXFileReference; lastKnownFileType = text; path = LICENSE; sourceTree = "<group>"; };
		84D374942DE587AD000DB6DC /* README.md */ = {isa = PBXFileReference; lastKnownFileType = net.daringfireball.markdown; path = README.md; sourceTree = "<group>"; };
		84D374952DE587AD000DB6DC /* ShareScreenGrypp.podspec */ = {isa = PBXFileReference; lastKnownFileType = text; path = ShareScreenGrypp.podspec; sourceTree = "<group>"; };
		84D3749B2DE58B3F000DB6DC /* Comman.swift */ = {isa = PBXFileReference; lastKnownFileType = sourcecode.swift; path = Comman.swift; sourceTree = "<group>"; };
		84D3749C2DE58B3F000DB6DC /* CustomeAlert.swift */ = {isa = PBXFileReference; lastKnownFileType = sourcecode.swift; path = CustomeAlert.swift; sourceTree = "<group>"; };
		84D3749D2DE58B3F000DB6DC /* DraggableButton.swift */ = {isa = PBXFileReference; lastKnownFileType = sourcecode.swift; path = DraggableButton.swift; sourceTree = "<group>"; };
		84D3749E2DE58B3F000DB6DC /* Enumerations.swift */ = {isa = PBXFileReference; lastKnownFileType = sourcecode.swift; path = Enumerations.swift; sourceTree = "<group>"; };
		84D3749F2DE58B3F000DB6DC /* GryppSession.swift */ = {isa = PBXFileReference; lastKnownFileType = sourcecode.swift; path = GryppSession.swift; sourceTree = "<group>"; };
		84D374A02DE58B3F000DB6DC /* GryppTokManager.swift */ = {isa = PBXFileReference; lastKnownFileType = sourcecode.swift; path = GryppTokManager.swift; sourceTree = "<group>"; };
		84D374A12DE58B3F000DB6DC /* Redact.swift */ = {isa = PBXFileReference; lastKnownFileType = sourcecode.swift; path = Redact.swift; sourceTree = "<group>"; };
		84D374A22DE58B3F000DB6DC /* ScreenCapturer.swift */ = {isa = PBXFileReference; lastKnownFileType = sourcecode.swift; path = ScreenCapturer.swift; sourceTree = "<group>"; };
		84D374A32DE58B3F000DB6DC /* Screenshot_EndSission.png */ = {isa = PBXFileReference; lastKnownFileType = image.png; path = Screenshot_EndSission.png; sourceTree = "<group>"; };
		84D374A42DE58B3F000DB6DC /* Screenshot_Maker.png */ = {isa = PBXFileReference; lastKnownFileType = image.png; path = Screenshot_Maker.png; sourceTree = "<group>"; };
		84D374A52DE58B3F000DB6DC /* Screenshot_Permission.png */ = {isa = PBXFileReference; lastKnownFileType = image.png; path = Screenshot_Permission.png; sourceTree = "<group>"; };
		84D374A62DE58B3F000DB6DC /* Screenshot_ScreenShare.png */ = {isa = PBXFileReference; lastKnownFileType = image.png; path = Screenshot_ScreenShare.png; sourceTree = "<group>"; };
		84D374A72DE58B3F000DB6DC /* TouchCaptureView.swift */ = {isa = PBXFileReference; lastKnownFileType = sourcecode.swift; path = TouchCaptureView.swift; sourceTree = "<group>"; };
		8980E8F5BEFA9514D368AEDC /* Pods-ShareScreenGrypp.debug.xcconfig */ = {isa = PBXFileReference; includeInIndex = 1; lastKnownFileType = text.xcconfig; name = "Pods-ShareScreenGrypp.debug.xcconfig"; path = "Target Support Files/Pods-ShareScreenGrypp/Pods-ShareScreenGrypp.debug.xcconfig"; sourceTree = "<group>"; };
/* End PBXFileReference section */

/* Begin PBXFrameworksBuildPhase section */
		84CAFEB82C2D299E00D9397B /* Frameworks */ = {
			isa = PBXFrameworksBuildPhase;
			buildActionMask = 2147483647;
			files = (
				B366937EAD32C783D0917306 /* Pods_ShareScreenGrypp.framework in Frameworks */,
			);
			runOnlyForDeploymentPostprocessing = 0;
		};
		84CAFEC22C2D299F00D9397B /* Frameworks */ = {
			isa = PBXFrameworksBuildPhase;
			buildActionMask = 2147483647;
			files = (
				84CAFEC62C2D299F00D9397B /* ShareScreenGrypp.framework in Frameworks */,
			);
			runOnlyForDeploymentPostprocessing = 0;
		};
/* End PBXFrameworksBuildPhase section */

/* Begin PBXGroup section */
		84CAFEB12C2D299E00D9397B = {
			isa = PBXGroup;
			children = (
				84D3746A2DE47638000DB6DC /* ShareScreenGrypp */,
				84D374792DE476E7000DB6DC /* ShareScreenGryppTests */,
				84CAFEBC2C2D299E00D9397B /* Products */,
				E1B52E2D522BE6BB4F32C2D7 /* Pods */,
				C4BCAAC6F22320A04445CD4F /* Frameworks */,
			);
			sourceTree = "<group>";
		};
		84CAFEBC2C2D299E00D9397B /* Products */ = {
			isa = PBXGroup;
			children = (
				84CAFEBB2C2D299E00D9397B /* ShareScreenGrypp.framework */,
				84CAFEC52C2D299F00D9397B /* ShareScreenGryppTests.xctest */,
			);
			name = Products;
			sourceTree = "<group>";
		};
		84D3746A2DE47638000DB6DC /* ShareScreenGrypp */ = {
			isa = PBXGroup;
			children = (
				84D3749B2DE58B3F000DB6DC /* Comman.swift */,
				84D3749C2DE58B3F000DB6DC /* CustomeAlert.swift */,
				84D3749D2DE58B3F000DB6DC /* DraggableButton.swift */,
				84D3749E2DE58B3F000DB6DC /* Enumerations.swift */,
				84D3749F2DE58B3F000DB6DC /* GryppSession.swift */,
				84D374A02DE58B3F000DB6DC /* GryppTokManager.swift */,
				84D374A12DE58B3F000DB6DC /* Redact.swift */,
				84D374A22DE58B3F000DB6DC /* ScreenCapturer.swift */,
				84D374A32DE58B3F000DB6DC /* Screenshot_EndSission.png */,
				84D374A42DE58B3F000DB6DC /* Screenshot_Maker.png */,
				84D374A52DE58B3F000DB6DC /* Screenshot_Permission.png */,
				84D374A62DE58B3F000DB6DC /* Screenshot_ScreenShare.png */,
				84D374A72DE58B3F000DB6DC /* TouchCaptureView.swift */,
				84D374912DE587AD000DB6DC /* ShareScreenGrypp.h */,
				84D374922DE587AD000DB6DC /* ShareScreenGrypp.docc */,
				84D374932DE587AD000DB6DC /* LICENSE */,
				84D374942DE587AD000DB6DC /* README.md */,
				84D374952DE587AD000DB6DC /* ShareScreenGrypp.podspec */,
			);
			path = ShareScreenGrypp;
			sourceTree = "<group>";
		};
		84D374792DE476E7000DB6DC /* ShareScreenGryppTests */ = {
			isa = PBXGroup;
			children = (
				84D374782DE476E7000DB6DC /* ShareScreenGryppTests.swift */,
			);
			path = ShareScreenGryppTests;
			sourceTree = "<group>";
		};
		C4BCAAC6F22320A04445CD4F /* Frameworks */ = {
			isa = PBXGroup;
			children = (
				842945012DDB0B570075A3F0 /* WebKit.framework */,
				670F51C8425F86B8F03EA4ED /* Pods_ShareScreenGrypp.framework */,
			);
			name = Frameworks;
			sourceTree = "<group>";
		};
		E1B52E2D522BE6BB4F32C2D7 /* Pods */ = {
			isa = PBXGroup;
			children = (
				8980E8F5BEFA9514D368AEDC /* Pods-ShareScreenGrypp.debug.xcconfig */,
				75FDC92F254088D872803BFE /* Pods-ShareScreenGrypp.release.xcconfig */,
			);
			path = Pods;
			sourceTree = "<group>";
		};
/* End PBXGroup section */

/* Begin PBXHeadersBuildPhase section */
		84CAFEB62C2D299E00D9397B /* Headers */ = {
			isa = PBXHeadersBuildPhase;
			buildActionMask = 2147483647;
			files = (
				84D374962DE587AD000DB6DC /* ShareScreenGrypp.h in Headers */,
			);
			runOnlyForDeploymentPostprocessing = 0;
		};
/* End PBXHeadersBuildPhase section */

/* Begin PBXNativeTarget section */
		84CAFEBA2C2D299E00D9397B /* ShareScreenGrypp */ = {
			isa = PBXNativeTarget;
			buildConfigurationList = 84CAFECF2C2D299F00D9397B /* Build configuration list for PBXNativeTarget "ShareScreenGrypp" */;
			buildPhases = (
				B953BDC5DEF41CC83CFA825D /* [CP] Check Pods Manifest.lock */,
				84CAFEB62C2D299E00D9397B /* Headers */,
				84CAFEB72C2D299E00D9397B /* Sources */,
				84CAFEB82C2D299E00D9397B /* Frameworks */,
				84CAFEB92C2D299E00D9397B /* Resources */,
				BF97D2A88715A4E1190D591F /* [CP] Copy Pods Resources */,
				842944FC2DDAF5440075A3F0 /* Embed Frameworks */,
			);
			buildRules = (
			);
			dependencies = (
			);
			name = ShareScreenGrypp;
			productName = GryppSDk;
			productReference = 84CAFEBB2C2D299E00D9397B /* ShareScreenGrypp.framework */;
			productType = "com.apple.product-type.framework";
		};
		84CAFEC42C2D299F00D9397B /* ShareScreenGryppTests */ = {
			isa = PBXNativeTarget;
			buildConfigurationList = 84CAFED22C2D299F00D9397B /* Build configuration list for PBXNativeTarget "ShareScreenGryppTests" */;
			buildPhases = (
				84CAFEC12C2D299F00D9397B /* Sources */,
				84CAFEC22C2D299F00D9397B /* Frameworks */,
				84CAFEC32C2D299F00D9397B /* Resources */,
			);
			buildRules = (
			);
			dependencies = (
				84CAFEC82C2D299F00D9397B /* PBXTargetDependency */,
			);
			name = ShareScreenGryppTests;
			productName = GryppSDkTests;
			productReference = 84CAFEC52C2D299F00D9397B /* ShareScreenGryppTests.xctest */;
			productType = "com.apple.product-type.bundle.unit-test";
		};
/* End PBXNativeTarget section */

/* Begin PBXProject section */
		84CAFEB22C2D299E00D9397B /* Project object */ = {
			isa = PBXProject;
			attributes = {
				BuildIndependentTargetsInParallel = 1;
				LastSwiftUpdateCheck = 1540;
				LastUpgradeCheck = 1540;
				TargetAttributes = {
					84CAFEBA2C2D299E00D9397B = {
						CreatedOnToolsVersion = 15.4;
					};
					84CAFEC42C2D299F00D9397B = {
						CreatedOnToolsVersion = 15.4;
					};
				};
			};
			buildConfigurationList = 84CAFEB52C2D299E00D9397B /* Build configuration list for PBXProject "ShareScreenGrypp" */;
			compatibilityVersion = "Xcode 14.0";
			developmentRegion = en;
			hasScannedForEncodings = 0;
			knownRegions = (
				en,
				Base,
			);
			mainGroup = 84CAFEB12C2D299E00D9397B;
			productRefGroup = 84CAFEBC2C2D299E00D9397B /* Products */;
			projectDirPath = "";
			projectRoot = "";
			targets = (
				84CAFEBA2C2D299E00D9397B /* ShareScreenGrypp */,
				84CAFEC42C2D299F00D9397B /* ShareScreenGryppTests */,
			);
		};
/* End PBXProject section */

/* Begin PBXResourcesBuildPhase section */
		84CAFEB92C2D299E00D9397B /* Resources */ = {
			isa = PBXResourcesBuildPhase;
			buildActionMask = 2147483647;
			files = (
				84D374982DE587AD000DB6DC /* README.md in Resources */,
				84D374992DE587AD000DB6DC /* LICENSE in Resources */,
				84D3749A2DE587AD000DB6DC /* ShareScreenGrypp.podspec in Resources */,
				84D374A82DE58B3F000DB6DC /* Screenshot_ScreenShare.png in Resources */,
				84D374A92DE58B3F000DB6DC /* Screenshot_EndSission.png in Resources */,
				84D374AA2DE58B3F000DB6DC /* Screenshot_Permission.png in Resources */,
				84D374AB2DE58B3F000DB6DC /* Screenshot_Maker.png in Resources */,
			);
			runOnlyForDeploymentPostprocessing = 0;
		};
		84CAFEC32C2D299F00D9397B /* Resources */ = {
			isa = PBXResourcesBuildPhase;
			buildActionMask = 2147483647;
			files = (
			);
			runOnlyForDeploymentPostprocessing = 0;
		};
/* End PBXResourcesBuildPhase section */

/* Begin PBXShellScriptBuildPhase section */
		B953BDC5DEF41CC83CFA825D /* [CP] Check Pods Manifest.lock */ = {
			isa = PBXShellScriptBuildPhase;
			buildActionMask = 2147483647;
			files = (
			);
			inputFileListPaths = (
			);
			inputPaths = (
				"${PODS_PODFILE_DIR_PATH}/Podfile.lock",
				"${PODS_ROOT}/Manifest.lock",
			);
			name = "[CP] Check Pods Manifest.lock";
			outputFileListPaths = (
			);
			outputPaths = (
				"$(DERIVED_FILE_DIR)/Pods-ShareScreenGrypp-checkManifestLockResult.txt",
			);
			runOnlyForDeploymentPostprocessing = 0;
			shellPath = /bin/sh;
			shellScript = "diff \"${PODS_PODFILE_DIR_PATH}/Podfile.lock\" \"${PODS_ROOT}/Manifest.lock\" > /dev/null\nif [ $? != 0 ] ; then\n    # print error to STDERR\n    echo \"error: The sandbox is not in sync with the Podfile.lock. Run 'pod install' or update your CocoaPods installation.\" >&2\n    exit 1\nfi\n# This output is used by Xcode 'outputs' to avoid re-running this script phase.\necho \"SUCCESS\" > \"${SCRIPT_OUTPUT_FILE_0}\"\n";
			showEnvVarsInLog = 0;
		};
		BF97D2A88715A4E1190D591F /* [CP] Copy Pods Resources */ = {
			isa = PBXShellScriptBuildPhase;
			buildActionMask = 2147483647;
			files = (
			);
			inputFileListPaths = (
				"${PODS_ROOT}/Target Support Files/Pods-ShareScreenGrypp/Pods-ShareScreenGrypp-resources-${CONFIGURATION}-input-files.xcfilelist",
			);
			inputPaths = (
			);
			name = "[CP] Copy Pods Resources";
			outputFileListPaths = (
				"${PODS_ROOT}/Target Support Files/Pods-ShareScreenGrypp/Pods-ShareScreenGrypp-resources-${CONFIGURATION}-output-files.xcfilelist",
			);
			outputPaths = (
			);
			runOnlyForDeploymentPostprocessing = 0;
			shellPath = /bin/sh;
			shellScript = "\"${PODS_ROOT}/Target Support Files/Pods-ShareScreenGrypp/Pods-ShareScreenGrypp-resources.sh\"\n";
			showEnvVarsInLog = 0;
		};
/* End PBXShellScriptBuildPhase section */

/* Begin PBXSourcesBuildPhase section */
		84CAFEB72C2D299E00D9397B /* Sources */ = {
			isa = PBXSourcesBuildPhase;
			buildActionMask = 2147483647;
			files = (
				84D374972DE587AD000DB6DC /* ShareScreenGrypp.docc in Sources */,
				84D374AC2DE58B3F000DB6DC /* ScreenCapturer.swift in Sources */,
				84D374AD2DE58B3F000DB6DC /* CustomeAlert.swift in Sources */,
				84D374AE2DE58B3F000DB6DC /* GryppSession.swift in Sources */,
				84D374AF2DE58B3F000DB6DC /* GryppTokManager.swift in Sources */,
				84D374B02DE58B3F000DB6DC /* Redact.swift in Sources */,
				84D374B12DE58B3F000DB6DC /* DraggableButton.swift in Sources */,
				84D374B22DE58B3F000DB6DC /* Comman.swift in Sources */,
				84D374B32DE58B3F000DB6DC /* TouchCaptureView.swift in Sources */,
				84D374B42DE58B3F000DB6DC /* Enumerations.swift in Sources */,
			);
			runOnlyForDeploymentPostprocessing = 0;
		};
		84CAFEC12C2D299F00D9397B /* Sources */ = {
			isa = PBXSourcesBuildPhase;
			buildActionMask = 2147483647;
			files = (
				84D3747A2DE476E7000DB6DC /* ShareScreenGryppTests.swift in Sources */,
			);
			runOnlyForDeploymentPostprocessing = 0;
		};
/* End PBXSourcesBuildPhase section */

/* Begin PBXTargetDependency section */
		84CAFEC82C2D299F00D9397B /* PBXTargetDependency */ = {
			isa = PBXTargetDependency;
			target = 84CAFEBA2C2D299E00D9397B /* ShareScreenGrypp */;
			targetProxy = 84CAFEC72C2D299F00D9397B /* PBXContainerItemProxy */;
		};
/* End PBXTargetDependency section */

/* Begin XCBuildConfiguration section */
		84CAFECD2C2D299F00D9397B /* Debug */ = {
			isa = XCBuildConfiguration;
			buildSettings = {
				ALWAYS_SEARCH_USER_PATHS = NO;
				ASSETCATALOG_COMPILER_GENERATE_SWIFT_ASSET_SYMBOL_EXTENSIONS = YES;
				CLANG_ANALYZER_NONNULL = YES;
				CLANG_ANALYZER_NUMBER_OBJECT_CONVERSION = YES_AGGRESSIVE;
				CLANG_CXX_LANGUAGE_STANDARD = "gnu++20";
				CLANG_ENABLE_MODULES = YES;
				CLANG_ENABLE_OBJC_ARC = YES;
				CLANG_ENABLE_OBJC_WEAK = YES;
				CLANG_WARN_BLOCK_CAPTURE_AUTORELEASING = YES;
				CLANG_WARN_BOOL_CONVERSION = YES;
				CLANG_WARN_COMMA = YES;
				CLANG_WARN_CONSTANT_CONVERSION = YES;
				CLANG_WARN_DEPRECATED_OBJC_IMPLEMENTATIONS = YES;
				CLANG_WARN_DIRECT_OBJC_ISA_USAGE = YES_ERROR;
				CLANG_WARN_DOCUMENTATION_COMMENTS = YES;
				CLANG_WARN_EMPTY_BODY = YES;
				CLANG_WARN_ENUM_CONVERSION = YES;
				CLANG_WARN_INFINITE_RECURSION = YES;
				CLANG_WARN_INT_CONVERSION = YES;
				CLANG_WARN_NON_LITERAL_NULL_CONVERSION = YES;
				CLANG_WARN_OBJC_IMPLICIT_RETAIN_SELF = YES;
				CLANG_WARN_OBJC_LITERAL_CONVERSION = YES;
				CLANG_WARN_OBJC_ROOT_CLASS = YES_ERROR;
				CLANG_WARN_QUOTED_INCLUDE_IN_FRAMEWORK_HEADER = YES;
				CLANG_WARN_RANGE_LOOP_ANALYSIS = YES;
				CLANG_WARN_STRICT_PROTOTYPES = YES;
				CLANG_WARN_SUSPICIOUS_MOVE = YES;
				CLANG_WARN_UNGUARDED_AVAILABILITY = YES_AGGRESSIVE;
				CLANG_WARN_UNREACHABLE_CODE = YES;
				CLANG_WARN__DUPLICATE_METHOD_MATCH = YES;
				COPY_PHASE_STRIP = NO;
				CURRENT_PROJECT_VERSION = 1;
				DEBUG_INFORMATION_FORMAT = dwarf;
				ENABLE_STRICT_OBJC_MSGSEND = YES;
				ENABLE_TESTABILITY = YES;
				ENABLE_USER_SCRIPT_SANDBOXING = YES;
				"EXCLUDED_ARCHS[sdk=iphonesimulator*]" = arm64;
				GCC_C_LANGUAGE_STANDARD = gnu17;
				GCC_DYNAMIC_NO_PIC = NO;
				GCC_NO_COMMON_BLOCKS = YES;
				GCC_OPTIMIZATION_LEVEL = 0;
				GCC_PREPROCESSOR_DEFINITIONS = (
					"DEBUG=1",
					"$(inherited)",
				);
				GCC_WARN_64_TO_32_BIT_CONVERSION = YES;
				GCC_WARN_ABOUT_RETURN_TYPE = YES_ERROR;
				GCC_WARN_UNDECLARED_SELECTOR = YES;
				GCC_WARN_UNINITIALIZED_AUTOS = YES_AGGRESSIVE;
				GCC_WARN_UNUSED_FUNCTION = YES;
				GCC_WARN_UNUSED_VARIABLE = YES;
				IPHONEOS_DEPLOYMENT_TARGET = 13.0;
				LOCALIZATION_PREFERS_STRING_CATALOGS = YES;
				MTL_ENABLE_DEBUG_INFO = INCLUDE_SOURCE;
				MTL_FAST_MATH = YES;
				ONLY_ACTIVE_ARCH = YES;
				SDKROOT = iphoneos;
				SWIFT_ACTIVE_COMPILATION_CONDITIONS = "DEBUG $(inherited)";
				SWIFT_OPTIMIZATION_LEVEL = "-Onone";
				SWIFT_VERSION = 5.0;
				VERSIONING_SYSTEM = "apple-generic";
				VERSION_INFO_PREFIX = "";
			};
			name = Debug;
		};
		84CAFECE2C2D299F00D9397B /* Release */ = {
			isa = XCBuildConfiguration;
			buildSettings = {
				ALWAYS_SEARCH_USER_PATHS = NO;
				ASSETCATALOG_COMPILER_GENERATE_SWIFT_ASSET_SYMBOL_EXTENSIONS = YES;
				CLANG_ANALYZER_NONNULL = YES;
				CLANG_ANALYZER_NUMBER_OBJECT_CONVERSION = YES_AGGRESSIVE;
				CLANG_CXX_LANGUAGE_STANDARD = "gnu++20";
				CLANG_ENABLE_MODULES = YES;
				CLANG_ENABLE_OBJC_ARC = YES;
				CLANG_ENABLE_OBJC_WEAK = YES;
				CLANG_WARN_BLOCK_CAPTURE_AUTORELEASING = YES;
				CLANG_WARN_BOOL_CONVERSION = YES;
				CLANG_WARN_COMMA = YES;
				CLANG_WARN_CONSTANT_CONVERSION = YES;
				CLANG_WARN_DEPRECATED_OBJC_IMPLEMENTATIONS = YES;
				CLANG_WARN_DIRECT_OBJC_ISA_USAGE = YES_ERROR;
				CLANG_WARN_DOCUMENTATION_COMMENTS = YES;
				CLANG_WARN_EMPTY_BODY = YES;
				CLANG_WARN_ENUM_CONVERSION = YES;
				CLANG_WARN_INFINITE_RECURSION = YES;
				CLANG_WARN_INT_CONVERSION = YES;
				CLANG_WARN_NON_LITERAL_NULL_CONVERSION = YES;
				CLANG_WARN_OBJC_IMPLICIT_RETAIN_SELF = YES;
				CLANG_WARN_OBJC_LITERAL_CONVERSION = YES;
				CLANG_WARN_OBJC_ROOT_CLASS = YES_ERROR;
				CLANG_WARN_QUOTED_INCLUDE_IN_FRAMEWORK_HEADER = YES;
				CLANG_WARN_RANGE_LOOP_ANALYSIS = YES;
				CLANG_WARN_STRICT_PROTOTYPES = YES;
				CLANG_WARN_SUSPICIOUS_MOVE = YES;
				CLANG_WARN_UNGUARDED_AVAILABILITY = YES_AGGRESSIVE;
				CLANG_WARN_UNREACHABLE_CODE = YES;
				CLANG_WARN__DUPLICATE_METHOD_MATCH = YES;
				COPY_PHASE_STRIP = NO;
				CURRENT_PROJECT_VERSION = 1;
				DEBUG_INFORMATION_FORMAT = "dwarf-with-dsym";
				ENABLE_NS_ASSERTIONS = NO;
				ENABLE_STRICT_OBJC_MSGSEND = YES;
				ENABLE_USER_SCRIPT_SANDBOXING = YES;
				GCC_C_LANGUAGE_STANDARD = gnu17;
				GCC_NO_COMMON_BLOCKS = YES;
				GCC_WARN_64_TO_32_BIT_CONVERSION = YES;
				GCC_WARN_ABOUT_RETURN_TYPE = YES_ERROR;
				GCC_WARN_UNDECLARED_SELECTOR = YES;
				GCC_WARN_UNINITIALIZED_AUTOS = YES_AGGRESSIVE;
				GCC_WARN_UNUSED_FUNCTION = YES;
				GCC_WARN_UNUSED_VARIABLE = YES;
				IPHONEOS_DEPLOYMENT_TARGET = 13.0;
				LOCALIZATION_PREFERS_STRING_CATALOGS = YES;
				MTL_ENABLE_DEBUG_INFO = NO;
				MTL_FAST_MATH = YES;
				SDKROOT = iphoneos;
				SWIFT_COMPILATION_MODE = wholemodule;
				SWIFT_VERSION = 5.0;
				VALIDATE_PRODUCT = YES;
				VERSIONING_SYSTEM = "apple-generic";
				VERSION_INFO_PREFIX = "";
			};
			name = Release;
		};
		84CAFED02C2D299F00D9397B /* Debug */ = {
			isa = XCBuildConfiguration;
			baseConfigurationReference = 8980E8F5BEFA9514D368AEDC /* Pods-ShareScreenGrypp.debug.xcconfig */;
			buildSettings = {
				BUILD_LIBRARY_FOR_DISTRIBUTION = YES;
				CODE_SIGN_STYLE = Automatic;
				CURRENT_PROJECT_VERSION = 1;
				DEFINES_MODULE = YES;
				DEVELOPMENT_TEAM = JX4KK5JA5G;
				DYLIB_COMPATIBILITY_VERSION = 1;
				DYLIB_CURRENT_VERSION = 1;
				DYLIB_INSTALL_NAME_BASE = "@rpath";
				ENABLE_MODULE_VERIFIER = YES;
				ENABLE_USER_SCRIPT_SANDBOXING = NO;
				GENERATE_INFOPLIST_FILE = YES;
				INFOPLIST_KEY_NSHumanReadableCopyright = "";
				INSTALL_PATH = "$(LOCAL_LIBRARY_DIR)/Frameworks";
				IPHONEOS_DEPLOYMENT_TARGET = 15.6;
				LD_RUNPATH_SEARCH_PATHS = (
					"$(inherited)",
					"@executable_path/Frameworks",
					"@loader_path/Frameworks",
				);
				MARKETING_VERSION = 1.0;
				MODULE_VERIFIER_SUPPORTED_LANGUAGES = "objective-c objective-c++";
				MODULE_VERIFIER_SUPPORTED_LANGUAGE_STANDARDS = "gnu17 gnu++20";
				PRODUCT_BUNDLE_IDENTIFIER = com.grypp.captureQueue;
				PRODUCT_NAME = "$(TARGET_NAME:c99extidentifier)";
				SKIP_INSTALL = YES;
				SUPPORTED_PLATFORMS = "iphoneos iphonesimulator";
				SUPPORTS_MACCATALYST = NO;
				SUPPORTS_MAC_DESIGNED_FOR_IPHONE_IPAD = NO;
				SUPPORTS_XR_DESIGNED_FOR_IPHONE_IPAD = NO;
				SWIFT_EMIT_LOC_STRINGS = YES;
				SWIFT_INSTALL_OBJC_HEADER = NO;
				SWIFT_VERSION = 5.0;
				TARGETED_DEVICE_FAMILY = "1,2";
			};
			name = Debug;
		};
		84CAFED12C2D299F00D9397B /* Release */ = {
			isa = XCBuildConfiguration;
			baseConfigurationReference = 75FDC92F254088D872803BFE /* Pods-ShareScreenGrypp.release.xcconfig */;
			buildSettings = {
				BUILD_LIBRARY_FOR_DISTRIBUTION = YES;
				CODE_SIGN_STYLE = Automatic;
				CURRENT_PROJECT_VERSION = 1;
				DEFINES_MODULE = YES;
				DEVELOPMENT_TEAM = JX4KK5JA5G;
				DYLIB_COMPATIBILITY_VERSION = 1;
				DYLIB_CURRENT_VERSION = 1;
				DYLIB_INSTALL_NAME_BASE = "@rpath";
				ENABLE_MODULE_VERIFIER = YES;
				ENABLE_USER_SCRIPT_SANDBOXING = NO;
				GENERATE_INFOPLIST_FILE = YES;
				INFOPLIST_KEY_NSHumanReadableCopyright = "";
				INSTALL_PATH = "$(LOCAL_LIBRARY_DIR)/Frameworks";
				IPHONEOS_DEPLOYMENT_TARGET = 15.6;
				LD_RUNPATH_SEARCH_PATHS = (
					"$(inherited)",
					"@executable_path/Frameworks",
					"@loader_path/Frameworks",
				);
				MARKETING_VERSION = 1.0;
				MODULE_VERIFIER_SUPPORTED_LANGUAGES = "objective-c objective-c++";
				MODULE_VERIFIER_SUPPORTED_LANGUAGE_STANDARDS = "gnu17 gnu++20";
				PRODUCT_BUNDLE_IDENTIFIER = com.grypp.captureQueue;
				PRODUCT_NAME = "$(TARGET_NAME:c99extidentifier)";
				SKIP_INSTALL = YES;
				SUPPORTED_PLATFORMS = "iphoneos iphonesimulator";
				SUPPORTS_MACCATALYST = NO;
				SUPPORTS_MAC_DESIGNED_FOR_IPHONE_IPAD = NO;
				SUPPORTS_XR_DESIGNED_FOR_IPHONE_IPAD = NO;
				SWIFT_EMIT_LOC_STRINGS = YES;
				SWIFT_INSTALL_OBJC_HEADER = NO;
				SWIFT_VERSION = 5.0;
				TARGETED_DEVICE_FAMILY = "1,2";
			};
			name = Release;
		};
		84CAFED32C2D299F00D9397B /* Debug */ = {
			isa = XCBuildConfiguration;
			buildSettings = {
				CODE_SIGN_STYLE = Automatic;
				CURRENT_PROJECT_VERSION = 1;
				DEVELOPMENT_TEAM = 5NBYKWJL2V;
				GENERATE_INFOPLIST_FILE = YES;
				MARKETING_VERSION = 1.0;
				PRODUCT_BUNDLE_IDENTIFIER = dotsquares.ShareScreenGryppTests;
				PRODUCT_NAME = "$(TARGET_NAME)";
				SWIFT_EMIT_LOC_STRINGS = NO;
				SWIFT_VERSION = 5.0;
				TARGETED_DEVICE_FAMILY = "1,2";
			};
			name = Debug;
		};
		84CAFED42C2D299F00D9397B /* Release */ = {
			isa = XCBuildConfiguration;
			buildSettings = {
				CODE_SIGN_STYLE = Automatic;
				CURRENT_PROJECT_VERSION = 1;
				DEVELOPMENT_TEAM = 5NBYKWJL2V;
				GENERATE_INFOPLIST_FILE = YES;
				MARKETING_VERSION = 1.0;
				PRODUCT_BUNDLE_IDENTIFIER = dotsquares.ShareScreenGryppTests;
				PRODUCT_NAME = "$(TARGET_NAME)";
				SWIFT_EMIT_LOC_STRINGS = NO;
				SWIFT_VERSION = 5.0;
				TARGETED_DEVICE_FAMILY = "1,2";
			};
			name = Release;
		};
/* End XCBuildConfiguration section */

/* Begin XCConfigurationList section */
		84CAFEB52C2D299E00D9397B /* Build configuration list for PBXProject "ShareScreenGrypp" */ = {
			isa = XCConfigurationList;
			buildConfigurations = (
				84CAFECD2C2D299F00D9397B /* Debug */,
				84CAFECE2C2D299F00D9397B /* Release */,
			);
			defaultConfigurationIsVisible = 0;
			defaultConfigurationName = Release;
		};
		84CAFECF2C2D299F00D9397B /* Build configuration list for PBXNativeTarget "ShareScreenGrypp" */ = {
			isa = XCConfigurationList;
			buildConfigurations = (
				84CAFED02C2D299F00D9397B /* Debug */,
				84CAFED12C2D299F00D9397B /* Release */,
			);
			defaultConfigurationIsVisible = 0;
			defaultConfigurationName = Release;
		};
		84CAFED22C2D299F00D9397B /* Build configuration list for PBXNativeTarget "ShareScreenGryppTests" */ = {
			isa = XCConfigurationList;
			buildConfigurations = (
				84CAFED32C2D299F00D9397B /* Debug */,
				84CAFED42C2D299F00D9397B /* Release */,
			);
			defaultConfigurationIsVisible = 0;
			defaultConfigurationName = Release;
		};
/* End XCConfigurationList section */
	};
	rootObject = 84CAFEB22C2D299E00D9397B /* Project object */;
}
